// !$*UTF8*$!
{
	archiveVersion = 1;
	classes = {
	};
	objectVersion = 52;
	objects = {

/* Begin PBXBuildFile section */
		0188433A26BF1FC4009108AE /* UIViewControllerExtension.swift in Sources */ = {isa = PBXBuildFile; fileRef = 0188433926BF1FC4009108AE /* UIViewControllerExtension.swift */; };
		0188434326BF204F009108AE /* SizeController.swift in Sources */ = {isa = PBXBuildFile; fileRef = 0188434226BF204F009108AE /* SizeController.swift */; };
		0188434B26BF2059009108AE /* Size.storyboard in Resources */ = {isa = PBXBuildFile; fileRef = 0188434A26BF2059009108AE /* Size.storyboard */; };
		0188435026BF2196009108AE /* SizeViewModel.swift in Sources */ = {isa = PBXBuildFile; fileRef = 0188434F26BF2196009108AE /* SizeViewModel.swift */; };
		01925D2D26BF761300DA8282 /* ExtraController.swift in Sources */ = {isa = PBXBuildFile; fileRef = 01925D2C26BF761300DA8282 /* ExtraController.swift */; };
		01925D3526BF761D00DA8282 /* Extra.storyboard in Resources */ = {isa = PBXBuildFile; fileRef = 01925D3426BF761D00DA8282 /* Extra.storyboard */; };
		01925D3A26BF762D00DA8282 /* ExtraViewModel.swift in Sources */ = {isa = PBXBuildFile; fileRef = 01925D3926BF762D00DA8282 /* ExtraViewModel.swift */; };
		01B71D4226BF7D000099FA34 /* ExtraTableViewCell.swift in Sources */ = {isa = PBXBuildFile; fileRef = 01B71D4126BF7D000099FA34 /* ExtraTableViewCell.swift */; };
		01B71D4826BF7FEF0099FA34 /* SimpleCheckbox in Frameworks */ = {isa = PBXBuildFile; productRef = 01B71D4726BF7FEF0099FA34 /* SimpleCheckbox */; };
		01B71D5226BF87AD0099FA34 /* ExtraCellViewModel.swift in Sources */ = {isa = PBXBuildFile; fileRef = 01B71D5126BF87AD0099FA34 /* ExtraCellViewModel.swift */; };
		01F2782426BED98A000B98E8 /* AppDelegate.swift in Sources */ = {isa = PBXBuildFile; fileRef = 01F2782326BED98A000B98E8 /* AppDelegate.swift */; };
		01F2782826BED98A000B98E8 /* ViewController.swift in Sources */ = {isa = PBXBuildFile; fileRef = 01F2782726BED98A000B98E8 /* ViewController.swift */; };
		01F2782B26BED98A000B98E8 /* Main.storyboard in Resources */ = {isa = PBXBuildFile; fileRef = 01F2782926BED98A000B98E8 /* Main.storyboard */; };
		01F2782D26BED98B000B98E8 /* Assets.xcassets in Resources */ = {isa = PBXBuildFile; fileRef = 01F2782C26BED98B000B98E8 /* Assets.xcassets */; };
		01F2783026BED98B000B98E8 /* LaunchScreen.storyboard in Resources */ = {isa = PBXBuildFile; fileRef = 01F2782E26BED98B000B98E8 /* LaunchScreen.storyboard */; };
		01F2783B26BED98B000B98E8 /* CoffeeITTests.swift in Sources */ = {isa = PBXBuildFile; fileRef = 01F2783A26BED98B000B98E8 /* CoffeeITTests.swift */; };
		01F2784626BED98B000B98E8 /* CoffeeITUITests.swift in Sources */ = {isa = PBXBuildFile; fileRef = 01F2784526BED98B000B98E8 /* CoffeeITUITests.swift */; };
		01F2785B26BEDA05000B98E8 /* LoadingExtention.swift in Sources */ = {isa = PBXBuildFile; fileRef = 01F2785826BEDA05000B98E8 /* LoadingExtention.swift */; };
		01F2785C26BEDA05000B98E8 /* BackDropView.swift in Sources */ = {isa = PBXBuildFile; fileRef = 01F2785926BEDA05000B98E8 /* BackDropView.swift */; };
		01F2785D26BEDA05000B98E8 /* Storyboarded.swift in Sources */ = {isa = PBXBuildFile; fileRef = 01F2785A26BEDA05000B98E8 /* Storyboarded.swift */; };
		01F2786426BEDA2E000B98E8 /* CoordinatorProtocol.swift in Sources */ = {isa = PBXBuildFile; fileRef = 01F2786226BEDA2E000B98E8 /* CoordinatorProtocol.swift */; };
		01F2786526BEDA2E000B98E8 /* MainCoordinator.swift in Sources */ = {isa = PBXBuildFile; fileRef = 01F2786326BEDA2E000B98E8 /* MainCoordinator.swift */; };
		01F2786E26BEDD1A000B98E8 /* Style.storyboard in Resources */ = {isa = PBXBuildFile; fileRef = 01F2786D26BEDD1A000B98E8 /* Style.storyboard */; };
		01F2787326BEDD2E000B98E8 /* StyleController.swift in Sources */ = {isa = PBXBuildFile; fileRef = 01F2787226BEDD2E000B98E8 /* StyleController.swift */; };
		01F2787826BEDD3E000B98E8 /* StyleViewModel.swift in Sources */ = {isa = PBXBuildFile; fileRef = 01F2787726BEDD3E000B98E8 /* StyleViewModel.swift */; };
		01F2787E26BEDFC0000B98E8 /* ItemTableViewCell.swift in Sources */ = {isa = PBXBuildFile; fileRef = 01F2787D26BEDFC0000B98E8 /* ItemTableViewCell.swift */; };
		01F2788326BEDFFA000B98E8 /* ItemTableViewCell.xib in Resources */ = {isa = PBXBuildFile; fileRef = 01F2788226BEDFFA000B98E8 /* ItemTableViewCell.xib */; };
		01F2788826BEE122000B98E8 /* ItemTableViewCellViewModel.swift in Sources */ = {isa = PBXBuildFile; fileRef = 01F2788726BEE122000B98E8 /* ItemTableViewCellViewModel.swift */; };
		01F2788F26BEEA18000B98E8 /* StyleModel.swift in Sources */ = {isa = PBXBuildFile; fileRef = 01F2788E26BEEA18000B98E8 /* StyleModel.swift */; };
		01F2789626BEEF43000B98E8 /* CoffeeMachineRepository.swift in Sources */ = {isa = PBXBuildFile; fileRef = 01F2789526BEEF43000B98E8 /* CoffeeMachineRepository.swift */; };
		01F2789C26BEEFBF000B98E8 /* SizeRepository.swift in Sources */ = {isa = PBXBuildFile; fileRef = 01F2789B26BEEFBE000B98E8 /* SizeRepository.swift */; };
		01F278A126BEF04E000B98E8 /* ExtraRepository.swift in Sources */ = {isa = PBXBuildFile; fileRef = 01F278A026BEF04E000B98E8 /* ExtraRepository.swift */; };
		01F278A626BEF4CE000B98E8 /* RemoteCoffeeMachineService.swift in Sources */ = {isa = PBXBuildFile; fileRef = 01F278A526BEF4CE000B98E8 /* RemoteCoffeeMachineService.swift */; };
		01F278AB26BEF506000B98E8 /* SizeServices.swift in Sources */ = {isa = PBXBuildFile; fileRef = 01F278AA26BEF506000B98E8 /* SizeServices.swift */; };
		01F278B026BEF512000B98E8 /* ExtraServices.swift in Sources */ = {isa = PBXBuildFile; fileRef = 01F278AF26BEF512000B98E8 /* ExtraServices.swift */; };
		01F278B726BEF853000B98E8 /* ExtraServicesTests.swift in Sources */ = {isa = PBXBuildFile; fileRef = 01F278B626BEF853000B98E8 /* ExtraServicesTests.swift */; };
		01F278C426BEFBC7000B98E8 /* ServiceLayer.swift in Sources */ = {isa = PBXBuildFile; fileRef = 01F278BF26BEFBC7000B98E8 /* ServiceLayer.swift */; };
		01F278C726BEFBC7000B98E8 /* Router.swift in Sources */ = {isa = PBXBuildFile; fileRef = 01F278C226BEFBC7000B98E8 /* Router.swift */; };
		01F278C826BEFBC7000B98E8 /* ServiceError.swift in Sources */ = {isa = PBXBuildFile; fileRef = 01F278C326BEFBC7000B98E8 /* ServiceError.swift */; };
		01F278CD26BEFF61000B98E8 /* SizeModel.swift in Sources */ = {isa = PBXBuildFile; fileRef = 01F278CC26BEFF61000B98E8 /* SizeModel.swift */; };
		01F278D226BEFF75000B98E8 /* ExtraModel.swift in Sources */ = {isa = PBXBuildFile; fileRef = 01F278D126BEFF75000B98E8 /* ExtraModel.swift */; };
		01F278D726BEFF8F000B98E8 /* SelectionModel.swift in Sources */ = {isa = PBXBuildFile; fileRef = 01F278D626BEFF8F000B98E8 /* SelectionModel.swift */; };
		01F278DC26BEFFB1000B98E8 /* CoffeeMachineModel.swift in Sources */ = {isa = PBXBuildFile; fileRef = 01F278DB26BEFFB1000B98E8 /* CoffeeMachineModel.swift */; };
		41B8858B26C0147E0080E707 /* SelectExtraTableViewCell.swift in Sources */ = {isa = PBXBuildFile; fileRef = 41B8858A26C0147E0080E707 /* SelectExtraTableViewCell.swift */; };
		41B8859026C0149E0080E707 /* SelectExtraViewModel.swift in Sources */ = {isa = PBXBuildFile; fileRef = 41B8858F26C0149E0080E707 /* SelectExtraViewModel.swift */; };
/* End PBXBuildFile section */

/* Begin PBXContainerItemProxy section */
		01F2783726BED98B000B98E8 /* PBXContainerItemProxy */ = {
			isa = PBXContainerItemProxy;
			containerPortal = 01F2781826BED989000B98E8 /* Project object */;
			proxyType = 1;
			remoteGlobalIDString = 01F2781F26BED98A000B98E8;
			remoteInfo = CoffeeIT;
		};
		01F2784226BED98B000B98E8 /* PBXContainerItemProxy */ = {
			isa = PBXContainerItemProxy;
			containerPortal = 01F2781826BED989000B98E8 /* Project object */;
			proxyType = 1;
			remoteGlobalIDString = 01F2781F26BED98A000B98E8;
			remoteInfo = CoffeeIT;
		};
/* End PBXContainerItemProxy section */

/* Begin PBXFileReference section */
		0188433926BF1FC4009108AE /* UIViewControllerExtension.swift */ = {isa = PBXFileReference; lastKnownFileType = sourcecode.swift; path = UIViewControllerExtension.swift; sourceTree = "<group>"; };
		0188434226BF204F009108AE /* SizeController.swift */ = {isa = PBXFileReference; lastKnownFileType = sourcecode.swift; path = SizeController.swift; sourceTree = "<group>"; };
		0188434A26BF2059009108AE /* Size.storyboard */ = {isa = PBXFileReference; lastKnownFileType = file.storyboard; path = Size.storyboard; sourceTree = "<group>"; };
		0188434F26BF2196009108AE /* SizeViewModel.swift */ = {isa = PBXFileReference; lastKnownFileType = sourcecode.swift; path = SizeViewModel.swift; sourceTree = "<group>"; };
		01925D2C26BF761300DA8282 /* ExtraController.swift */ = {isa = PBXFileReference; lastKnownFileType = sourcecode.swift; path = ExtraController.swift; sourceTree = "<group>"; };
		01925D3426BF761D00DA8282 /* Extra.storyboard */ = {isa = PBXFileReference; lastKnownFileType = file.storyboard; path = Extra.storyboard; sourceTree = "<group>"; };
		01925D3926BF762D00DA8282 /* ExtraViewModel.swift */ = {isa = PBXFileReference; lastKnownFileType = sourcecode.swift; path = ExtraViewModel.swift; sourceTree = "<group>"; };
		01B71D4126BF7D000099FA34 /* ExtraTableViewCell.swift */ = {isa = PBXFileReference; lastKnownFileType = sourcecode.swift; path = ExtraTableViewCell.swift; sourceTree = "<group>"; };
		01B71D5126BF87AD0099FA34 /* ExtraCellViewModel.swift */ = {isa = PBXFileReference; lastKnownFileType = sourcecode.swift; path = ExtraCellViewModel.swift; sourceTree = "<group>"; };
		01F2782026BED98A000B98E8 /* CoffeeIT.app */ = {isa = PBXFileReference; explicitFileType = wrapper.application; includeInIndex = 0; path = CoffeeIT.app; sourceTree = BUILT_PRODUCTS_DIR; };
		01F2782326BED98A000B98E8 /* AppDelegate.swift */ = {isa = PBXFileReference; lastKnownFileType = sourcecode.swift; path = AppDelegate.swift; sourceTree = "<group>"; };
		01F2782726BED98A000B98E8 /* ViewController.swift */ = {isa = PBXFileReference; lastKnownFileType = sourcecode.swift; path = ViewController.swift; sourceTree = "<group>"; };
		01F2782A26BED98A000B98E8 /* Base */ = {isa = PBXFileReference; lastKnownFileType = file.storyboard; name = Base; path = Base.lproj/Main.storyboard; sourceTree = "<group>"; };
		01F2782C26BED98B000B98E8 /* Assets.xcassets */ = {isa = PBXFileReference; lastKnownFileType = folder.assetcatalog; path = Assets.xcassets; sourceTree = "<group>"; };
		01F2782F26BED98B000B98E8 /* Base */ = {isa = PBXFileReference; lastKnownFileType = file.storyboard; name = Base; path = Base.lproj/LaunchScreen.storyboard; sourceTree = "<group>"; };
		01F2783126BED98B000B98E8 /* Info.plist */ = {isa = PBXFileReference; lastKnownFileType = text.plist.xml; path = Info.plist; sourceTree = "<group>"; };
		01F2783626BED98B000B98E8 /* CoffeeITTests.xctest */ = {isa = PBXFileReference; explicitFileType = wrapper.cfbundle; includeInIndex = 0; path = CoffeeITTests.xctest; sourceTree = BUILT_PRODUCTS_DIR; };
		01F2783A26BED98B000B98E8 /* CoffeeITTests.swift */ = {isa = PBXFileReference; lastKnownFileType = sourcecode.swift; path = CoffeeITTests.swift; sourceTree = "<group>"; };
		01F2783C26BED98B000B98E8 /* Info.plist */ = {isa = PBXFileReference; lastKnownFileType = text.plist.xml; path = Info.plist; sourceTree = "<group>"; };
		01F2784126BED98B000B98E8 /* CoffeeITUITests.xctest */ = {isa = PBXFileReference; explicitFileType = wrapper.cfbundle; includeInIndex = 0; path = CoffeeITUITests.xctest; sourceTree = BUILT_PRODUCTS_DIR; };
		01F2784526BED98B000B98E8 /* CoffeeITUITests.swift */ = {isa = PBXFileReference; lastKnownFileType = sourcecode.swift; path = CoffeeITUITests.swift; sourceTree = "<group>"; };
		01F2784726BED98B000B98E8 /* Info.plist */ = {isa = PBXFileReference; lastKnownFileType = text.plist.xml; path = Info.plist; sourceTree = "<group>"; };
		01F2785826BEDA05000B98E8 /* LoadingExtention.swift */ = {isa = PBXFileReference; fileEncoding = 4; lastKnownFileType = sourcecode.swift; path = LoadingExtention.swift; sourceTree = "<group>"; };
		01F2785926BEDA05000B98E8 /* BackDropView.swift */ = {isa = PBXFileReference; fileEncoding = 4; lastKnownFileType = sourcecode.swift; path = BackDropView.swift; sourceTree = "<group>"; };
		01F2785A26BEDA05000B98E8 /* Storyboarded.swift */ = {isa = PBXFileReference; fileEncoding = 4; lastKnownFileType = sourcecode.swift; path = Storyboarded.swift; sourceTree = "<group>"; };
		01F2786226BEDA2E000B98E8 /* CoordinatorProtocol.swift */ = {isa = PBXFileReference; fileEncoding = 4; lastKnownFileType = sourcecode.swift; path = CoordinatorProtocol.swift; sourceTree = "<group>"; };
		01F2786326BEDA2E000B98E8 /* MainCoordinator.swift */ = {isa = PBXFileReference; fileEncoding = 4; lastKnownFileType = sourcecode.swift; path = MainCoordinator.swift; sourceTree = "<group>"; };
		01F2786D26BEDD1A000B98E8 /* Style.storyboard */ = {isa = PBXFileReference; lastKnownFileType = file.storyboard; path = Style.storyboard; sourceTree = "<group>"; };
		01F2787226BEDD2E000B98E8 /* StyleController.swift */ = {isa = PBXFileReference; lastKnownFileType = sourcecode.swift; path = StyleController.swift; sourceTree = "<group>"; };
		01F2787726BEDD3E000B98E8 /* StyleViewModel.swift */ = {isa = PBXFileReference; lastKnownFileType = sourcecode.swift; path = StyleViewModel.swift; sourceTree = "<group>"; };
		01F2787D26BEDFC0000B98E8 /* ItemTableViewCell.swift */ = {isa = PBXFileReference; lastKnownFileType = sourcecode.swift; path = ItemTableViewCell.swift; sourceTree = "<group>"; };
		01F2788226BEDFFA000B98E8 /* ItemTableViewCell.xib */ = {isa = PBXFileReference; lastKnownFileType = file.xib; path = ItemTableViewCell.xib; sourceTree = "<group>"; };
		01F2788726BEE122000B98E8 /* ItemTableViewCellViewModel.swift */ = {isa = PBXFileReference; lastKnownFileType = sourcecode.swift; path = ItemTableViewCellViewModel.swift; sourceTree = "<group>"; };
		01F2788E26BEEA18000B98E8 /* StyleModel.swift */ = {isa = PBXFileReference; lastKnownFileType = sourcecode.swift; path = StyleModel.swift; sourceTree = "<group>"; };
		01F2789526BEEF43000B98E8 /* CoffeeMachineRepository.swift */ = {isa = PBXFileReference; lastKnownFileType = sourcecode.swift; path = CoffeeMachineRepository.swift; sourceTree = "<group>"; };
		01F2789B26BEEFBE000B98E8 /* SizeRepository.swift */ = {isa = PBXFileReference; lastKnownFileType = sourcecode.swift; path = SizeRepository.swift; sourceTree = "<group>"; };
		01F278A026BEF04E000B98E8 /* ExtraRepository.swift */ = {isa = PBXFileReference; lastKnownFileType = sourcecode.swift; path = ExtraRepository.swift; sourceTree = "<group>"; };
		01F278A526BEF4CE000B98E8 /* RemoteCoffeeMachineService.swift */ = {isa = PBXFileReference; lastKnownFileType = sourcecode.swift; path = RemoteCoffeeMachineService.swift; sourceTree = "<group>"; };
		01F278AA26BEF506000B98E8 /* SizeServices.swift */ = {isa = PBXFileReference; lastKnownFileType = sourcecode.swift; path = SizeServices.swift; sourceTree = "<group>"; };
		01F278AF26BEF512000B98E8 /* ExtraServices.swift */ = {isa = PBXFileReference; lastKnownFileType = sourcecode.swift; path = ExtraServices.swift; sourceTree = "<group>"; };
		01F278B626BEF853000B98E8 /* ExtraServicesTests.swift */ = {isa = PBXFileReference; lastKnownFileType = sourcecode.swift; path = ExtraServicesTests.swift; sourceTree = "<group>"; };
		01F278BF26BEFBC7000B98E8 /* ServiceLayer.swift */ = {isa = PBXFileReference; fileEncoding = 4; lastKnownFileType = sourcecode.swift; path = ServiceLayer.swift; sourceTree = "<group>"; };
		01F278C226BEFBC7000B98E8 /* Router.swift */ = {isa = PBXFileReference; fileEncoding = 4; lastKnownFileType = sourcecode.swift; path = Router.swift; sourceTree = "<group>"; };
		01F278C326BEFBC7000B98E8 /* ServiceError.swift */ = {isa = PBXFileReference; fileEncoding = 4; lastKnownFileType = sourcecode.swift; path = ServiceError.swift; sourceTree = "<group>"; };
		01F278CC26BEFF61000B98E8 /* SizeModel.swift */ = {isa = PBXFileReference; lastKnownFileType = sourcecode.swift; path = SizeModel.swift; sourceTree = "<group>"; };
		01F278D126BEFF75000B98E8 /* ExtraModel.swift */ = {isa = PBXFileReference; lastKnownFileType = sourcecode.swift; path = ExtraModel.swift; sourceTree = "<group>"; };
		01F278D626BEFF8F000B98E8 /* SelectionModel.swift */ = {isa = PBXFileReference; lastKnownFileType = sourcecode.swift; path = SelectionModel.swift; sourceTree = "<group>"; };
		01F278DB26BEFFB1000B98E8 /* CoffeeMachineModel.swift */ = {isa = PBXFileReference; lastKnownFileType = sourcecode.swift; path = CoffeeMachineModel.swift; sourceTree = "<group>"; };
		41B8858A26C0147E0080E707 /* SelectExtraTableViewCell.swift */ = {isa = PBXFileReference; lastKnownFileType = sourcecode.swift; path = SelectExtraTableViewCell.swift; sourceTree = "<group>"; };
		41B8858F26C0149E0080E707 /* SelectExtraViewModel.swift */ = {isa = PBXFileReference; lastKnownFileType = sourcecode.swift; path = SelectExtraViewModel.swift; sourceTree = "<group>"; };
/* End PBXFileReference section */

/* Begin PBXFrameworksBuildPhase section */
		01F2781D26BED98A000B98E8 /* Frameworks */ = {
			isa = PBXFrameworksBuildPhase;
			buildActionMask = 2147483647;
			files = (
				01B71D4826BF7FEF0099FA34 /* SimpleCheckbox in Frameworks */,
			);
			runOnlyForDeploymentPostprocessing = 0;
		};
		01F2783326BED98B000B98E8 /* Frameworks */ = {
			isa = PBXFrameworksBuildPhase;
			buildActionMask = 2147483647;
			files = (
			);
			runOnlyForDeploymentPostprocessing = 0;
		};
		01F2783E26BED98B000B98E8 /* Frameworks */ = {
			isa = PBXFrameworksBuildPhase;
			buildActionMask = 2147483647;
			files = (
			);
			runOnlyForDeploymentPostprocessing = 0;
		};
/* End PBXFrameworksBuildPhase section */

/* Begin PBXGroup section */
		0188433826BF1FA7009108AE /* Extensions */ = {
			isa = PBXGroup;
			children = (
				0188433926BF1FC4009108AE /* UIViewControllerExtension.swift */,
			);
			path = Extensions;
			sourceTree = "<group>";
		};
		0188434126BF202D009108AE /* Size */ = {
			isa = PBXGroup;
			children = (
				0188434226BF204F009108AE /* SizeController.swift */,
				0188434A26BF2059009108AE /* Size.storyboard */,
				0188434F26BF2196009108AE /* SizeViewModel.swift */,
			);
			path = Size;
			sourceTree = "<group>";
		};
		01925D2B26BF75FA00DA8282 /* Extra */ = {
			isa = PBXGroup;
			children = (
				41B8858926C014490080E707 /* ExtraCell */,
				01B71D5726BF96980099FA34 /* SelectionCell */,
				01925D2C26BF761300DA8282 /* ExtraController.swift */,
				01925D3426BF761D00DA8282 /* Extra.storyboard */,
				01925D3926BF762D00DA8282 /* ExtraViewModel.swift */,
			);
			path = Extra;
			sourceTree = "<group>";
		};
		01B71D5726BF96980099FA34 /* SelectionCell */ = {
			isa = PBXGroup;
			children = (
				01B71D4126BF7D000099FA34 /* ExtraTableViewCell.swift */,
				01B71D5126BF87AD0099FA34 /* ExtraCellViewModel.swift */,
			);
			path = SelectionCell;
			sourceTree = "<group>";
		};
		01F2781726BED989000B98E8 = {
			isa = PBXGroup;
			children = (
				01F2782226BED98A000B98E8 /* CoffeeIT */,
				01F2783926BED98B000B98E8 /* CoffeeITTests */,
				01F2784426BED98B000B98E8 /* CoffeeITUITests */,
				01F2782126BED98A000B98E8 /* Products */,
			);
			sourceTree = "<group>";
		};
		01F2782126BED98A000B98E8 /* Products */ = {
			isa = PBXGroup;
			children = (
				01F2782026BED98A000B98E8 /* CoffeeIT.app */,
				01F2783626BED98B000B98E8 /* CoffeeITTests.xctest */,
				01F2784126BED98B000B98E8 /* CoffeeITUITests.xctest */,
			);
			name = Products;
			sourceTree = "<group>";
		};
		01F2782226BED98A000B98E8 /* CoffeeIT */ = {
			isa = PBXGroup;
			children = (
				01925D2B26BF75FA00DA8282 /* Extra */,
				0188434126BF202D009108AE /* Size */,
				01F278BE26BEFB3E000B98E8 /* Network */,
				01F2788C26BEE9BB000B98E8 /* Domain */,
				01F2787C26BEDFA2000B98E8 /* ItemViewCell */,
				01F2786C26BEDD06000B98E8 /* Style */,
				01F2786126BEDA0C000B98E8 /* Coordinator */,
				01F2785726BED9D8000B98E8 /* Design */,
				0188433826BF1FA7009108AE /* Extensions */,
				01F2782326BED98A000B98E8 /* AppDelegate.swift */,
				01F2782726BED98A000B98E8 /* ViewController.swift */,
				01F2782926BED98A000B98E8 /* Main.storyboard */,
				01F2782C26BED98B000B98E8 /* Assets.xcassets */,
				01F2782E26BED98B000B98E8 /* LaunchScreen.storyboard */,
				01F2783126BED98B000B98E8 /* Info.plist */,
			);
			path = CoffeeIT;
			sourceTree = "<group>";
		};
		01F2783926BED98B000B98E8 /* CoffeeITTests */ = {
			isa = PBXGroup;
			children = (
				01F278B426BEF823000B98E8 /* Domain */,
				01F2783A26BED98B000B98E8 /* CoffeeITTests.swift */,
				01F2783C26BED98B000B98E8 /* Info.plist */,
			);
			path = CoffeeITTests;
			sourceTree = "<group>";
		};
		01F2784426BED98B000B98E8 /* CoffeeITUITests */ = {
			isa = PBXGroup;
			children = (
				01F2784526BED98B000B98E8 /* CoffeeITUITests.swift */,
				01F2784726BED98B000B98E8 /* Info.plist */,
			);
			path = CoffeeITUITests;
			sourceTree = "<group>";
		};
		01F2785726BED9D8000B98E8 /* Design */ = {
			isa = PBXGroup;
			children = (
				01F2785926BEDA05000B98E8 /* BackDropView.swift */,
				01F2785826BEDA05000B98E8 /* LoadingExtention.swift */,
				01F2785A26BEDA05000B98E8 /* Storyboarded.swift */,
			);
			path = Design;
			sourceTree = "<group>";
		};
		01F2786126BEDA0C000B98E8 /* Coordinator */ = {
			isa = PBXGroup;
			children = (
				01F2786226BEDA2E000B98E8 /* CoordinatorProtocol.swift */,
				01F2786326BEDA2E000B98E8 /* MainCoordinator.swift */,
			);
			path = Coordinator;
			sourceTree = "<group>";
		};
		01F2786C26BEDD06000B98E8 /* Style */ = {
			isa = PBXGroup;
			children = (
				01F2786D26BEDD1A000B98E8 /* Style.storyboard */,
				01F2787226BEDD2E000B98E8 /* StyleController.swift */,
				01F2787726BEDD3E000B98E8 /* StyleViewModel.swift */,
			);
			path = Style;
			sourceTree = "<group>";
		};
		01F2787C26BEDFA2000B98E8 /* ItemViewCell */ = {
			isa = PBXGroup;
			children = (
				01F2787D26BEDFC0000B98E8 /* ItemTableViewCell.swift */,
				01F2788226BEDFFA000B98E8 /* ItemTableViewCell.xib */,
				01F2788726BEE122000B98E8 /* ItemTableViewCellViewModel.swift */,
			);
			path = ItemViewCell;
			sourceTree = "<group>";
		};
		01F2788C26BEE9BB000B98E8 /* Domain */ = {
			isa = PBXGroup;
			children = (
				01F2789A26BEEF73000B98E8 /* Services */,
				01F2789426BEEF20000B98E8 /* Repositories */,
				01F2788D26BEE9FF000B98E8 /* Models */,
			);
			path = Domain;
			sourceTree = "<group>";
		};
		01F2788D26BEE9FF000B98E8 /* Models */ = {
			isa = PBXGroup;
			children = (
				01F2788E26BEEA18000B98E8 /* StyleModel.swift */,
				01F278CC26BEFF61000B98E8 /* SizeModel.swift */,
				01F278D126BEFF75000B98E8 /* ExtraModel.swift */,
				01F278D626BEFF8F000B98E8 /* SelectionModel.swift */,
				01F278DB26BEFFB1000B98E8 /* CoffeeMachineModel.swift */,
			);
			path = Models;
			sourceTree = "<group>";
		};
		01F2789426BEEF20000B98E8 /* Repositories */ = {
			isa = PBXGroup;
			children = (
				01F2789526BEEF43000B98E8 /* CoffeeMachineRepository.swift */,
				01F2789B26BEEFBE000B98E8 /* SizeRepository.swift */,
				01F278A026BEF04E000B98E8 /* ExtraRepository.swift */,
			);
			path = Repositories;
			sourceTree = "<group>";
		};
		01F2789A26BEEF73000B98E8 /* Services */ = {
			isa = PBXGroup;
			children = (
				01F278A526BEF4CE000B98E8 /* RemoteCoffeeMachineService.swift */,
				01F278AA26BEF506000B98E8 /* SizeServices.swift */,
				01F278AF26BEF512000B98E8 /* ExtraServices.swift */,
			);
			path = Services;
			sourceTree = "<group>";
		};
		01F278B426BEF823000B98E8 /* Domain */ = {
			isa = PBXGroup;
			children = (
				01F278B526BEF839000B98E8 /* Services */,
			);
			path = Domain;
			sourceTree = "<group>";
		};
		01F278B526BEF839000B98E8 /* Services */ = {
			isa = PBXGroup;
			children = (
				01F278B626BEF853000B98E8 /* ExtraServicesTests.swift */,
			);
			path = Services;
			sourceTree = "<group>";
		};
		01F278BE26BEFB3E000B98E8 /* Network */ = {
			isa = PBXGroup;
			children = (
				01F278C226BEFBC7000B98E8 /* Router.swift */,
				01F278C326BEFBC7000B98E8 /* ServiceError.swift */,
				01F278BF26BEFBC7000B98E8 /* ServiceLayer.swift */,
			);
			path = Network;
			sourceTree = "<group>";
		};
		41B8858926C014490080E707 /* ExtraCell */ = {
			isa = PBXGroup;
			children = (
				41B8858A26C0147E0080E707 /* SelectExtraTableViewCell.swift */,
				41B8858F26C0149E0080E707 /* SelectExtraViewModel.swift */,
			);
			path = ExtraCell;
			sourceTree = "<group>";
		};
/* End PBXGroup section */

/* Begin PBXNativeTarget section */
		01F2781F26BED98A000B98E8 /* CoffeeIT */ = {
			isa = PBXNativeTarget;
			buildConfigurationList = 01F2784A26BED98B000B98E8 /* Build configuration list for PBXNativeTarget "CoffeeIT" */;
			buildPhases = (
				01F2781C26BED98A000B98E8 /* Sources */,
				01F2781D26BED98A000B98E8 /* Frameworks */,
				01F2781E26BED98A000B98E8 /* Resources */,
			);
			buildRules = (
			);
			dependencies = (
			);
			name = CoffeeIT;
			packageProductDependencies = (
				01B71D4726BF7FEF0099FA34 /* SimpleCheckbox */,
			);
			productName = CoffeeIT;
			productReference = 01F2782026BED98A000B98E8 /* CoffeeIT.app */;
			productType = "com.apple.product-type.application";
		};
		01F2783526BED98B000B98E8 /* CoffeeITTests */ = {
			isa = PBXNativeTarget;
			buildConfigurationList = 01F2784D26BED98B000B98E8 /* Build configuration list for PBXNativeTarget "CoffeeITTests" */;
			buildPhases = (
				01F2783226BED98B000B98E8 /* Sources */,
				01F2783326BED98B000B98E8 /* Frameworks */,
				01F2783426BED98B000B98E8 /* Resources */,
			);
			buildRules = (
			);
			dependencies = (
				01F2783826BED98B000B98E8 /* PBXTargetDependency */,
			);
			name = CoffeeITTests;
			productName = CoffeeITTests;
			productReference = 01F2783626BED98B000B98E8 /* CoffeeITTests.xctest */;
			productType = "com.apple.product-type.bundle.unit-test";
		};
		01F2784026BED98B000B98E8 /* CoffeeITUITests */ = {
			isa = PBXNativeTarget;
			buildConfigurationList = 01F2785026BED98B000B98E8 /* Build configuration list for PBXNativeTarget "CoffeeITUITests" */;
			buildPhases = (
				01F2783D26BED98B000B98E8 /* Sources */,
				01F2783E26BED98B000B98E8 /* Frameworks */,
				01F2783F26BED98B000B98E8 /* Resources */,
			);
			buildRules = (
			);
			dependencies = (
				01F2784326BED98B000B98E8 /* PBXTargetDependency */,
			);
			name = CoffeeITUITests;
			productName = CoffeeITUITests;
			productReference = 01F2784126BED98B000B98E8 /* CoffeeITUITests.xctest */;
			productType = "com.apple.product-type.bundle.ui-testing";
		};
/* End PBXNativeTarget section */

/* Begin PBXProject section */
		01F2781826BED989000B98E8 /* Project object */ = {
			isa = PBXProject;
			attributes = {
				LastSwiftUpdateCheck = 1210;
				LastUpgradeCheck = 1210;
				TargetAttributes = {
					01F2781F26BED98A000B98E8 = {
						CreatedOnToolsVersion = 12.1;
					};
					01F2783526BED98B000B98E8 = {
						CreatedOnToolsVersion = 12.1;
						TestTargetID = 01F2781F26BED98A000B98E8;
					};
					01F2784026BED98B000B98E8 = {
						CreatedOnToolsVersion = 12.1;
						TestTargetID = 01F2781F26BED98A000B98E8;
					};
				};
			};
			buildConfigurationList = 01F2781B26BED989000B98E8 /* Build configuration list for PBXProject "CoffeeIT" */;
			compatibilityVersion = "Xcode 9.3";
			developmentRegion = en;
			hasScannedForEncodings = 0;
			knownRegions = (
				en,
				Base,
			);
			mainGroup = 01F2781726BED989000B98E8;
			packageReferences = (
				01B71D4626BF7FEF0099FA34 /* XCRemoteSwiftPackageReference "SimpleCheckbox" */,
			);
			productRefGroup = 01F2782126BED98A000B98E8 /* Products */;
			projectDirPath = "";
			projectRoot = "";
			targets = (
				01F2781F26BED98A000B98E8 /* CoffeeIT */,
				01F2783526BED98B000B98E8 /* CoffeeITTests */,
				01F2784026BED98B000B98E8 /* CoffeeITUITests */,
			);
		};
/* End PBXProject section */

/* Begin PBXResourcesBuildPhase section */
		01F2781E26BED98A000B98E8 /* Resources */ = {
			isa = PBXResourcesBuildPhase;
			buildActionMask = 2147483647;
			files = (
				01F2786E26BEDD1A000B98E8 /* Style.storyboard in Resources */,
				0188434B26BF2059009108AE /* Size.storyboard in Resources */,
				01F2783026BED98B000B98E8 /* LaunchScreen.storyboard in Resources */,
				01F2782D26BED98B000B98E8 /* Assets.xcassets in Resources */,
				01F2788326BEDFFA000B98E8 /* ItemTableViewCell.xib in Resources */,
				01925D3526BF761D00DA8282 /* Extra.storyboard in Resources */,
				01F2782B26BED98A000B98E8 /* Main.storyboard in Resources */,
			);
			runOnlyForDeploymentPostprocessing = 0;
		};
		01F2783426BED98B000B98E8 /* Resources */ = {
			isa = PBXResourcesBuildPhase;
			buildActionMask = 2147483647;
			files = (
			);
			runOnlyForDeploymentPostprocessing = 0;
		};
		01F2783F26BED98B000B98E8 /* Resources */ = {
			isa = PBXResourcesBuildPhase;
			buildActionMask = 2147483647;
			files = (
			);
			runOnlyForDeploymentPostprocessing = 0;
		};
/* End PBXResourcesBuildPhase section */

/* Begin PBXSourcesBuildPhase section */
		01F2781C26BED98A000B98E8 /* Sources */ = {
			isa = PBXSourcesBuildPhase;
			buildActionMask = 2147483647;
			files = (
				01F278C726BEFBC7000B98E8 /* Router.swift in Sources */,
				01B71D5226BF87AD0099FA34 /* ExtraCellViewModel.swift in Sources */,
				0188435026BF2196009108AE /* SizeViewModel.swift in Sources */,
				01F2788826BEE122000B98E8 /* ItemTableViewCellViewModel.swift in Sources */,
				01F278D726BEFF8F000B98E8 /* SelectionModel.swift in Sources */,
				01F278A626BEF4CE000B98E8 /* RemoteCoffeeMachineService.swift in Sources */,
				01F278B026BEF512000B98E8 /* ExtraServices.swift in Sources */,
				01F2786426BEDA2E000B98E8 /* CoordinatorProtocol.swift in Sources */,
				01F278CD26BEFF61000B98E8 /* SizeModel.swift in Sources */,
				01F278A126BEF04E000B98E8 /* ExtraRepository.swift in Sources */,
				01F2786526BEDA2E000B98E8 /* MainCoordinator.swift in Sources */,
				01F2787E26BEDFC0000B98E8 /* ItemTableViewCell.swift in Sources */,
				01F278AB26BEF506000B98E8 /* SizeServices.swift in Sources */,
				01F2782826BED98A000B98E8 /* ViewController.swift in Sources */,
				01F2788F26BEEA18000B98E8 /* StyleModel.swift in Sources */,
				01F278D226BEFF75000B98E8 /* ExtraModel.swift in Sources */,
				01F278C826BEFBC7000B98E8 /* ServiceError.swift in Sources */,
				01F2789C26BEEFBF000B98E8 /* SizeRepository.swift in Sources */,
				01925D3A26BF762D00DA8282 /* ExtraViewModel.swift in Sources */,
				01F2785B26BEDA05000B98E8 /* LoadingExtention.swift in Sources */,
				01F2782426BED98A000B98E8 /* AppDelegate.swift in Sources */,
				01F278C426BEFBC7000B98E8 /* ServiceLayer.swift in Sources */,
				01F278DC26BEFFB1000B98E8 /* CoffeeMachineModel.swift in Sources */,
				41B8858B26C0147E0080E707 /* SelectExtraTableViewCell.swift in Sources */,
				01F2787326BEDD2E000B98E8 /* StyleController.swift in Sources */,
				01F2787826BEDD3E000B98E8 /* StyleViewModel.swift in Sources */,
				0188433A26BF1FC4009108AE /* UIViewControllerExtension.swift in Sources */,
				01F2785C26BEDA05000B98E8 /* BackDropView.swift in Sources */,
				01B71D4226BF7D000099FA34 /* ExtraTableViewCell.swift in Sources */,
				01F2789626BEEF43000B98E8 /* CoffeeMachineRepository.swift in Sources */,
				01F2785D26BEDA05000B98E8 /* Storyboarded.swift in Sources */,
				01925D2D26BF761300DA8282 /* ExtraController.swift in Sources */,
				41B8859026C0149E0080E707 /* SelectExtraViewModel.swift in Sources */,
				0188434326BF204F009108AE /* SizeController.swift in Sources */,
			);
			runOnlyForDeploymentPostprocessing = 0;
		};
		01F2783226BED98B000B98E8 /* Sources */ = {
			isa = PBXSourcesBuildPhase;
			buildActionMask = 2147483647;
			files = (
				01F278B726BEF853000B98E8 /* ExtraServicesTests.swift in Sources */,
				01F2783B26BED98B000B98E8 /* CoffeeITTests.swift in Sources */,
			);
			runOnlyForDeploymentPostprocessing = 0;
		};
		01F2783D26BED98B000B98E8 /* Sources */ = {
			isa = PBXSourcesBuildPhase;
			buildActionMask = 2147483647;
			files = (
				01F2784626BED98B000B98E8 /* CoffeeITUITests.swift in Sources */,
			);
			runOnlyForDeploymentPostprocessing = 0;
		};
/* End PBXSourcesBuildPhase section */

/* Begin PBXTargetDependency section */
		01F2783826BED98B000B98E8 /* PBXTargetDependency */ = {
			isa = PBXTargetDependency;
			target = 01F2781F26BED98A000B98E8 /* CoffeeIT */;
			targetProxy = 01F2783726BED98B000B98E8 /* PBXContainerItemProxy */;
		};
		01F2784326BED98B000B98E8 /* PBXTargetDependency */ = {
			isa = PBXTargetDependency;
			target = 01F2781F26BED98A000B98E8 /* CoffeeIT */;
			targetProxy = 01F2784226BED98B000B98E8 /* PBXContainerItemProxy */;
		};
/* End PBXTargetDependency section */

/* Begin PBXVariantGroup section */
		01F2782926BED98A000B98E8 /* Main.storyboard */ = {
			isa = PBXVariantGroup;
			children = (
				01F2782A26BED98A000B98E8 /* Base */,
			);
			name = Main.storyboard;
			sourceTree = "<group>";
		};
		01F2782E26BED98B000B98E8 /* LaunchScreen.storyboard */ = {
			isa = PBXVariantGroup;
			children = (
				01F2782F26BED98B000B98E8 /* Base */,
			);
			name = LaunchScreen.storyboard;
			sourceTree = "<group>";
		};
/* End PBXVariantGroup section */

/* Begin XCBuildConfiguration section */
		01F2784826BED98B000B98E8 /* Debug */ = {
			isa = XCBuildConfiguration;
			buildSettings = {
				ALWAYS_SEARCH_USER_PATHS = NO;
				CLANG_ANALYZER_NONNULL = YES;
				CLANG_ANALYZER_NUMBER_OBJECT_CONVERSION = YES_AGGRESSIVE;
				CLANG_CXX_LANGUAGE_STANDARD = "gnu++14";
				CLANG_CXX_LIBRARY = "libc++";
				CLANG_ENABLE_MODULES = YES;
				CLANG_ENABLE_OBJC_ARC = YES;
				CLANG_ENABLE_OBJC_WEAK = YES;
				CLANG_WARN_BLOCK_CAPTURE_AUTORELEASING = YES;
				CLANG_WARN_BOOL_CONVERSION = YES;
				CLANG_WARN_COMMA = YES;
				CLANG_WARN_CONSTANT_CONVERSION = YES;
				CLANG_WARN_DEPRECATED_OBJC_IMPLEMENTATIONS = YES;
				CLANG_WARN_DIRECT_OBJC_ISA_USAGE = YES_ERROR;
				CLANG_WARN_DOCUMENTATION_COMMENTS = YES;
				CLANG_WARN_EMPTY_BODY = YES;
				CLANG_WARN_ENUM_CONVERSION = YES;
				CLANG_WARN_INFINITE_RECURSION = YES;
				CLANG_WARN_INT_CONVERSION = YES;
				CLANG_WARN_NON_LITERAL_NULL_CONVERSION = YES;
				CLANG_WARN_OBJC_IMPLICIT_RETAIN_SELF = YES;
				CLANG_WARN_OBJC_LITERAL_CONVERSION = YES;
				CLANG_WARN_OBJC_ROOT_CLASS = YES_ERROR;
				CLANG_WARN_QUOTED_INCLUDE_IN_FRAMEWORK_HEADER = YES;
				CLANG_WARN_RANGE_LOOP_ANALYSIS = YES;
				CLANG_WARN_STRICT_PROTOTYPES = YES;
				CLANG_WARN_SUSPICIOUS_MOVE = YES;
				CLANG_WARN_UNGUARDED_AVAILABILITY = YES_AGGRESSIVE;
				CLANG_WARN_UNREACHABLE_CODE = YES;
				CLANG_WARN__DUPLICATE_METHOD_MATCH = YES;
				COPY_PHASE_STRIP = NO;
				DEBUG_INFORMATION_FORMAT = dwarf;
				ENABLE_STRICT_OBJC_MSGSEND = YES;
				ENABLE_TESTABILITY = YES;
				GCC_C_LANGUAGE_STANDARD = gnu11;
				GCC_DYNAMIC_NO_PIC = NO;
				GCC_NO_COMMON_BLOCKS = YES;
				GCC_OPTIMIZATION_LEVEL = 0;
				GCC_PREPROCESSOR_DEFINITIONS = (
					"DEBUG=1",
					"$(inherited)",
				);
				GCC_WARN_64_TO_32_BIT_CONVERSION = YES;
				GCC_WARN_ABOUT_RETURN_TYPE = YES_ERROR;
				GCC_WARN_UNDECLARED_SELECTOR = YES;
				GCC_WARN_UNINITIALIZED_AUTOS = YES_AGGRESSIVE;
				GCC_WARN_UNUSED_FUNCTION = YES;
				GCC_WARN_UNUSED_VARIABLE = YES;
				IPHONEOS_DEPLOYMENT_TARGET = 14.1;
				MTL_ENABLE_DEBUG_INFO = INCLUDE_SOURCE;
				MTL_FAST_MATH = YES;
				ONLY_ACTIVE_ARCH = YES;
				SDKROOT = iphoneos;
				SWIFT_ACTIVE_COMPILATION_CONDITIONS = DEBUG;
				SWIFT_OPTIMIZATION_LEVEL = "-Onone";
			};
			name = Debug;
		};
		01F2784926BED98B000B98E8 /* Release */ = {
			isa = XCBuildConfiguration;
			buildSettings = {
				ALWAYS_SEARCH_USER_PATHS = NO;
				CLANG_ANALYZER_NONNULL = YES;
				CLANG_ANALYZER_NUMBER_OBJECT_CONVERSION = YES_AGGRESSIVE;
				CLANG_CXX_LANGUAGE_STANDARD = "gnu++14";
				CLANG_CXX_LIBRARY = "libc++";
				CLANG_ENABLE_MODULES = YES;
				CLANG_ENABLE_OBJC_ARC = YES;
				CLANG_ENABLE_OBJC_WEAK = YES;
				CLANG_WARN_BLOCK_CAPTURE_AUTORELEASING = YES;
				CLANG_WARN_BOOL_CONVERSION = YES;
				CLANG_WARN_COMMA = YES;
				CLANG_WARN_CONSTANT_CONVERSION = YES;
				CLANG_WARN_DEPRECATED_OBJC_IMPLEMENTATIONS = YES;
				CLANG_WARN_DIRECT_OBJC_ISA_USAGE = YES_ERROR;
				CLANG_WARN_DOCUMENTATION_COMMENTS = YES;
				CLANG_WARN_EMPTY_BODY = YES;
				CLANG_WARN_ENUM_CONVERSION = YES;
				CLANG_WARN_INFINITE_RECURSION = YES;
				CLANG_WARN_INT_CONVERSION = YES;
				CLANG_WARN_NON_LITERAL_NULL_CONVERSION = YES;
				CLANG_WARN_OBJC_IMPLICIT_RETAIN_SELF = YES;
				CLANG_WARN_OBJC_LITERAL_CONVERSION = YES;
				CLANG_WARN_OBJC_ROOT_CLASS = YES_ERROR;
				CLANG_WARN_QUOTED_INCLUDE_IN_FRAMEWORK_HEADER = YES;
				CLANG_WARN_RANGE_LOOP_ANALYSIS = YES;
				CLANG_WARN_STRICT_PROTOTYPES = YES;
				CLANG_WARN_SUSPICIOUS_MOVE = YES;
				CLANG_WARN_UNGUARDED_AVAILABILITY = YES_AGGRESSIVE;
				CLANG_WARN_UNREACHABLE_CODE = YES;
				CLANG_WARN__DUPLICATE_METHOD_MATCH = YES;
				COPY_PHASE_STRIP = NO;
				DEBUG_INFORMATION_FORMAT = "dwarf-with-dsym";
				ENABLE_NS_ASSERTIONS = NO;
				ENABLE_STRICT_OBJC_MSGSEND = YES;
				GCC_C_LANGUAGE_STANDARD = gnu11;
				GCC_NO_COMMON_BLOCKS = YES;
				GCC_WARN_64_TO_32_BIT_CONVERSION = YES;
				GCC_WARN_ABOUT_RETURN_TYPE = YES_ERROR;
				GCC_WARN_UNDECLARED_SELECTOR = YES;
				GCC_WARN_UNINITIALIZED_AUTOS = YES_AGGRESSIVE;
				GCC_WARN_UNUSED_FUNCTION = YES;
				GCC_WARN_UNUSED_VARIABLE = YES;
				IPHONEOS_DEPLOYMENT_TARGET = 14.1;
				MTL_ENABLE_DEBUG_INFO = NO;
				MTL_FAST_MATH = YES;
				SDKROOT = iphoneos;
				SWIFT_COMPILATION_MODE = wholemodule;
				SWIFT_OPTIMIZATION_LEVEL = "-O";
				VALIDATE_PRODUCT = YES;
			};
			name = Release;
		};
		01F2784B26BED98B000B98E8 /* Debug */ = {
			isa = XCBuildConfiguration;
			buildSettings = {
				ASSETCATALOG_COMPILER_APPICON_NAME = AppIcon;
				ASSETCATALOG_COMPILER_GLOBAL_ACCENT_COLOR_NAME = AccentColor;
				CODE_SIGN_STYLE = Automatic;
				DEVELOPMENT_TEAM = WUQEBT7FU5;
				INFOPLIST_FILE = CoffeeIT/Info.plist;
				LD_RUNPATH_SEARCH_PATHS = (
					"$(inherited)",
					"@executable_path/Frameworks",
				);
				PRODUCT_BUNDLE_IDENTIFIER = com.ios.swift.coffeeit.challenge.CoffeeIT;
				PRODUCT_NAME = "$(TARGET_NAME)";
				SWIFT_VERSION = 5.0;
				TARGETED_DEVICE_FAMILY = "1,2";
			};
			name = Debug;
		};
		01F2784C26BED98B000B98E8 /* Release */ = {
			isa = XCBuildConfiguration;
			buildSettings = {
				ASSETCATALOG_COMPILER_APPICON_NAME = AppIcon;
				ASSETCATALOG_COMPILER_GLOBAL_ACCENT_COLOR_NAME = AccentColor;
				CODE_SIGN_STYLE = Automatic;
				DEVELOPMENT_TEAM = WUQEBT7FU5;
				INFOPLIST_FILE = CoffeeIT/Info.plist;
				LD_RUNPATH_SEARCH_PATHS = (
					"$(inherited)",
					"@executable_path/Frameworks",
				);
				PRODUCT_BUNDLE_IDENTIFIER = com.ios.swift.coffeeit.challenge.CoffeeIT;
				PRODUCT_NAME = "$(TARGET_NAME)";
				SWIFT_VERSION = 5.0;
				TARGETED_DEVICE_FAMILY = "1,2";
			};
			name = Release;
		};
		01F2784E26BED98B000B98E8 /* Debug */ = {
			isa = XCBuildConfiguration;
			buildSettings = {
				ALWAYS_EMBED_SWIFT_STANDARD_LIBRARIES = YES;
				BUNDLE_LOADER = "$(TEST_HOST)";
				CODE_SIGN_STYLE = Automatic;
				DEVELOPMENT_TEAM = WUQEBT7FU5;
				INFOPLIST_FILE = CoffeeITTests/Info.plist;
				IPHONEOS_DEPLOYMENT_TARGET = 14.1;
				LD_RUNPATH_SEARCH_PATHS = (
					"$(inherited)",
					"@executable_path/Frameworks",
					"@loader_path/Frameworks",
				);
				PRODUCT_BUNDLE_IDENTIFIER = com.ios.swift.coffeeit.challenge.CoffeeITTests;
				PRODUCT_NAME = "$(TARGET_NAME)";
				SWIFT_VERSION = 5.0;
				TARGETED_DEVICE_FAMILY = "1,2";
				TEST_HOST = "$(BUILT_PRODUCTS_DIR)/CoffeeIT.app/CoffeeIT";
			};
			name = Debug;
		};
		01F2784F26BED98B000B98E8 /* Release */ = {
			isa = XCBuildConfiguration;
			buildSettings = {
				ALWAYS_EMBED_SWIFT_STANDARD_LIBRARIES = YES;
				BUNDLE_LOADER = "$(TEST_HOST)";
				CODE_SIGN_STYLE = Automatic;
				DEVELOPMENT_TEAM = WUQEBT7FU5;
				INFOPLIST_FILE = CoffeeITTests/Info.plist;
				IPHONEOS_DEPLOYMENT_TARGET = 14.1;
				LD_RUNPATH_SEARCH_PATHS = (
					"$(inherited)",
					"@executable_path/Frameworks",
					"@loader_path/Frameworks",
				);
				PRODUCT_BUNDLE_IDENTIFIER = com.ios.swift.coffeeit.challenge.CoffeeITTests;
				PRODUCT_NAME = "$(TARGET_NAME)";
				SWIFT_VERSION = 5.0;
				TARGETED_DEVICE_FAMILY = "1,2";
				TEST_HOST = "$(BUILT_PRODUCTS_DIR)/CoffeeIT.app/CoffeeIT";
			};
			name = Release;
		};
		01F2785126BED98B000B98E8 /* Debug */ = {
			isa = XCBuildConfiguration;
			buildSettings = {
				ALWAYS_EMBED_SWIFT_STANDARD_LIBRARIES = YES;
				CODE_SIGN_STYLE = Automatic;
				DEVELOPMENT_TEAM = WUQEBT7FU5;
				INFOPLIST_FILE = CoffeeITUITests/Info.plist;
				LD_RUNPATH_SEARCH_PATHS = (
					"$(inherited)",
					"@executable_path/Frameworks",
					"@loader_path/Frameworks",
				);
				PRODUCT_BUNDLE_IDENTIFIER = com.ios.swift.coffeeit.challenge.CoffeeITUITests;
				PRODUCT_NAME = "$(TARGET_NAME)";
				SWIFT_VERSION = 5.0;
				TARGETED_DEVICE_FAMILY = "1,2";
				TEST_TARGET_NAME = CoffeeIT;
			};
			name = Debug;
		};
		01F2785226BED98B000B98E8 /* Release */ = {
			isa = XCBuildConfiguration;
			buildSettings = {
				ALWAYS_EMBED_SWIFT_STANDARD_LIBRARIES = YES;
				CODE_SIGN_STYLE = Automatic;
				DEVELOPMENT_TEAM = WUQEBT7FU5;
				INFOPLIST_FILE = CoffeeITUITests/Info.plist;
				LD_RUNPATH_SEARCH_PATHS = (
					"$(inherited)",
					"@executable_path/Frameworks",
					"@loader_path/Frameworks",
				);
				PRODUCT_BUNDLE_IDENTIFIER = com.ios.swift.coffeeit.challenge.CoffeeITUITests;
				PRODUCT_NAME = "$(TARGET_NAME)";
				SWIFT_VERSION = 5.0;
				TARGETED_DEVICE_FAMILY = "1,2";
				TEST_TARGET_NAME = CoffeeIT;
			};
			name = Release;
		};
/* End XCBuildConfiguration section */

/* Begin XCConfigurationList section */
		01F2781B26BED989000B98E8 /* Build configuration list for PBXProject "CoffeeIT" */ = {
			isa = XCConfigurationList;
			buildConfigurations = (
				01F2784826BED98B000B98E8 /* Debug */,
				01F2784926BED98B000B98E8 /* Release */,
			);
			defaultConfigurationIsVisible = 0;
			defaultConfigurationName = Release;
		};
		01F2784A26BED98B000B98E8 /* Build configuration list for PBXNativeTarget "CoffeeIT" */ = {
			isa = XCConfigurationList;
			buildConfigurations = (
				01F2784B26BED98B000B98E8 /* Debug */,
				01F2784C26BED98B000B98E8 /* Release */,
			);
			defaultConfigurationIsVisible = 0;
			defaultConfigurationName = Release;
		};
		01F2784D26BED98B000B98E8 /* Build configuration list for PBXNativeTarget "CoffeeITTests" */ = {
			isa = XCConfigurationList;
			buildConfigurations = (
				01F2784E26BED98B000B98E8 /* Debug */,
				01F2784F26BED98B000B98E8 /* Release */,
			);
			defaultConfigurationIsVisible = 0;
			defaultConfigurationName = Release;
		};
		01F2785026BED98B000B98E8 /* Build configuration list for PBXNativeTarget "CoffeeITUITests" */ = {
			isa = XCConfigurationList;
			buildConfigurations = (
				01F2785126BED98B000B98E8 /* Debug */,
				01F2785226BED98B000B98E8 /* Release */,
			);
			defaultConfigurationIsVisible = 0;
			defaultConfigurationName = Release;
		};
/* End XCConfigurationList section */

/* Begin XCRemoteSwiftPackageReference section */
		01B71D4626BF7FEF0099FA34 /* XCRemoteSwiftPackageReference "SimpleCheckbox" */ = {
			isa = XCRemoteSwiftPackageReference;
			repositoryURL = "https://github.com/BeauNouvelle/SimpleCheckbox.git";
			requirement = {
				kind = upToNextMajorVersion;
				minimumVersion = 2.2.2;
			};
		};
/* End XCRemoteSwiftPackageReference section */

/* Begin XCSwiftPackageProductDependency section */
		01B71D4726BF7FEF0099FA34 /* SimpleCheckbox */ = {
			isa = XCSwiftPackageProductDependency;
			package = 01B71D4626BF7FEF0099FA34 /* XCRemoteSwiftPackageReference "SimpleCheckbox" */;
			productName = SimpleCheckbox;
		};
/* End XCSwiftPackageProductDependency section */
	};
	rootObject = 01F2781826BED989000B98E8 /* Project object */;
}
